
Microsoft Visual Studio Solution File, Format Version 12.00
# Visual Studio Version 17
VisualStudioVersion = 17.8.34330.188
MinimumVisualStudioVersion = 10.0.40219.1
Project("{FAE04EC0-301F-11D3-BF4B-00C04F79EFBC}") = "inventarioAPI", "inventarioAPI\inventarioAPI.csproj", "{7BFBD4A5-D20D-45CC-84BB-7280487767B8}"
EndProject
Global
	GlobalSection(SolutionConfigurationPlatforms) = preSolution
		Debug|Any CPU = Debug|Any CPU
		Release|Any CPU = Release|Any CPU
	EndGlobalSection
	GlobalSection(ProjectConfigurationPlatforms) = postSolution
		{7BFBD4A5-D20D-45CC-84BB-7280487767B8}.Debug|Any CPU.ActiveCfg = Debug|Any CPU
		{7BFBD4A5-D20D-45CC-84BB-7280487767B8}.Debug|Any CPU.Build.0 = Debug|Any CPU
		{7BFBD4A5-D20D-45CC-84BB-7280487767B8}.Release|Any CPU.ActiveCfg = Release|Any CPU
		{7BFBD4A5-D20D-45CC-84BB-7280487767B8}.Release|Any CPU.Build.0 = Release|Any CPU
	EndGlobalSection
	GlobalSection(SolutionProperties) = preSolution
		HideSolutionNode = FALSE
	EndGlobalSection
	GlobalSection(ExtensibilityGlobals) = postSolution
		SolutionGuid = {74A1A65B-30B6-44D8-96AC-3AB890292401}
	EndGlobalSection
EndGlobal
